
Microsoft Visual Studio Solution File, Format Version 12.00
# Visual Studio Version 17
VisualStudioVersion = 17.2.32616.157
MinimumVisualStudioVersion = 10.0.40219.1
Project("{9A19103F-16F7-4668-BE54-9A1E7A4F7556}") = "ControleFinanceiroApi", "src\ControleFinanceiroApi\ControleFinanceiroApi.csproj", "{F43386C9-14D6-4F9B-85E7-D97A9FA61104}"
EndProject
Project("{9A19103F-16F7-4668-BE54-9A1E7A4F7556}") = "ControleFinanceiroApiTest", "Testes\ControleFinanceiroApiTest\ControleFinanceiroApiTest.csproj", "{D456D98A-8044-4426-BA45-3069C87179E1}"
EndProject
Global
	GlobalSection(SolutionConfigurationPlatforms) = preSolution
		Debug|Any CPU = Debug|Any CPU
		Release|Any CPU = Release|Any CPU
	EndGlobalSection
	GlobalSection(ProjectConfigurationPlatforms) = postSolution
		{F43386C9-14D6-4F9B-85E7-D97A9FA61104}.Debug|Any CPU.ActiveCfg = Debug|Any CPU
		{F43386C9-14D6-4F9B-85E7-D97A9FA61104}.Debug|Any CPU.Build.0 = Debug|Any CPU
		{F43386C9-14D6-4F9B-85E7-D97A9FA61104}.Release|Any CPU.ActiveCfg = Release|Any CPU
		{F43386C9-14D6-4F9B-85E7-D97A9FA61104}.Release|Any CPU.Build.0 = Release|Any CPU
		{D456D98A-8044-4426-BA45-3069C87179E1}.Debug|Any CPU.ActiveCfg = Debug|Any CPU
		{D456D98A-8044-4426-BA45-3069C87179E1}.Debug|Any CPU.Build.0 = Debug|Any CPU
		{D456D98A-8044-4426-BA45-3069C87179E1}.Release|Any CPU.ActiveCfg = Release|Any CPU
		{D456D98A-8044-4426-BA45-3069C87179E1}.Release|Any CPU.Build.0 = Release|Any CPU
	EndGlobalSection
	GlobalSection(SolutionProperties) = preSolution
		HideSolutionNode = FALSE
	EndGlobalSection
	GlobalSection(ExtensibilityGlobals) = postSolution
		SolutionGuid = {5BF327E1-D22A-4C35-A00A-3D97A57332D8}
	EndGlobalSection
EndGlobal
